// !$*UTF8*$!
{
	archiveVersion = 1;
	classes = {
	};
	objectVersion = 56;
	objects = {

/* Begin PBXBuildFile section */
		EB0EEB6F2C500BD30026F60C /* HotProspectsApp.swift in Sources */ = {isa = PBXBuildFile; fileRef = EB0EEB6E2C500BD30026F60C /* HotProspectsApp.swift */; };
		EB0EEB712C500BD30026F60C /* ContentView.swift in Sources */ = {isa = PBXBuildFile; fileRef = EB0EEB702C500BD30026F60C /* ContentView.swift */; };
		EB0EEB732C500BD50026F60C /* Assets.xcassets in Resources */ = {isa = PBXBuildFile; fileRef = EB0EEB722C500BD50026F60C /* Assets.xcassets */; };
		EB0EEB762C500BD50026F60C /* Preview Assets.xcassets in Resources */ = {isa = PBXBuildFile; fileRef = EB0EEB752C500BD50026F60C /* Preview Assets.xcassets */; };
		EB196FCC2C51024D00CF6116 /* SelectableItemsList.swift in Sources */ = {isa = PBXBuildFile; fileRef = EB196FCB2C51024D00CF6116 /* SelectableItemsList.swift */; };
		EB196FCE2C51027A00CF6116 /* TabViewLearn.swift in Sources */ = {isa = PBXBuildFile; fileRef = EB196FCD2C51027A00CF6116 /* TabViewLearn.swift */; };
		EB196FD02C510C6400CF6116 /* ResultTypeLearn.swift in Sources */ = {isa = PBXBuildFile; fileRef = EB196FCF2C510C6400CF6116 /* ResultTypeLearn.swift */; };
		EB196FD22C51138A00CF6116 /* ImageInterpoletionLearn.swift in Sources */ = {isa = PBXBuildFile; fileRef = EB196FD12C51138A00CF6116 /* ImageInterpoletionLearn.swift */; };
		EB196FD42C5118BA00CF6116 /* ContextMenuLearning.swift in Sources */ = {isa = PBXBuildFile; fileRef = EB196FD32C5118BA00CF6116 /* ContextMenuLearning.swift */; };
		EB196FD62C512F1600CF6116 /* SwipeActionsForList.swift in Sources */ = {isa = PBXBuildFile; fileRef = EB196FD52C512F1600CF6116 /* SwipeActionsForList.swift */; };
		EB196FD82C516B1000CF6116 /* ScheduleLocalNotification.swift in Sources */ = {isa = PBXBuildFile; fileRef = EB196FD72C516B1000CF6116 /* ScheduleLocalNotification.swift */; };
		EB196FDB2C51715500CF6116 /* SamplePackage in Frameworks */ = {isa = PBXBuildFile; productRef = EB196FDA2C51715500CF6116 /* SamplePackage */; };
		EB196FDD2C51716C00CF6116 /* AddSwiftPackage.swift in Sources */ = {isa = PBXBuildFile; fileRef = EB196FDC2C51716C00CF6116 /* AddSwiftPackage.swift */; };
		EB196FDF2C51752700CF6116 /* ProspectsView.swift in Sources */ = {isa = PBXBuildFile; fileRef = EB196FDE2C51752700CF6116 /* ProspectsView.swift */; };
		EB196FE12C51753E00CF6116 /* MeView.swift in Sources */ = {isa = PBXBuildFile; fileRef = EB196FE02C51753E00CF6116 /* MeView.swift */; };
		EB196FE32C517E2500CF6116 /* Prospect.swift in Sources */ = {isa = PBXBuildFile; fileRef = EB196FE22C517E2500CF6116 /* Prospect.swift */; };
		EB196FE62C518B2800CF6116 /* CodeScanner in Frameworks */ = {isa = PBXBuildFile; productRef = EB196FE52C518B2800CF6116 /* CodeScanner */; };
		EBD21D6E2C5275D600446914 /* EditView.swift in Sources */ = {isa = PBXBuildFile; fileRef = EBD21D6D2C5275D600446914 /* EditView.swift */; };
/* End PBXBuildFile section */

/* Begin PBXFileReference section */
		EB0EEB6B2C500BD30026F60C /* HotProspects.app */ = {isa = PBXFileReference; explicitFileType = wrapper.application; includeInIndex = 0; path = HotProspects.app; sourceTree = BUILT_PRODUCTS_DIR; };
		EB0EEB6E2C500BD30026F60C /* HotProspectsApp.swift */ = {isa = PBXFileReference; lastKnownFileType = sourcecode.swift; path = HotProspectsApp.swift; sourceTree = "<group>"; };
		EB0EEB702C500BD30026F60C /* ContentView.swift */ = {isa = PBXFileReference; lastKnownFileType = sourcecode.swift; path = ContentView.swift; sourceTree = "<group>"; };
		EB0EEB722C500BD50026F60C /* Assets.xcassets */ = {isa = PBXFileReference; lastKnownFileType = folder.assetcatalog; path = Assets.xcassets; sourceTree = "<group>"; };
		EB0EEB752C500BD50026F60C /* Preview Assets.xcassets */ = {isa = PBXFileReference; lastKnownFileType = folder.assetcatalog; path = "Preview Assets.xcassets"; sourceTree = "<group>"; };
		EB196FCB2C51024D00CF6116 /* SelectableItemsList.swift */ = {isa = PBXFileReference; lastKnownFileType = sourcecode.swift; path = SelectableItemsList.swift; sourceTree = "<group>"; };
		EB196FCD2C51027A00CF6116 /* TabViewLearn.swift */ = {isa = PBXFileReference; lastKnownFileType = sourcecode.swift; path = TabViewLearn.swift; sourceTree = "<group>"; };
		EB196FCF2C510C6400CF6116 /* ResultTypeLearn.swift */ = {isa = PBXFileReference; lastKnownFileType = sourcecode.swift; path = ResultTypeLearn.swift; sourceTree = "<group>"; };
		EB196FD12C51138A00CF6116 /* ImageInterpoletionLearn.swift */ = {isa = PBXFileReference; lastKnownFileType = sourcecode.swift; path = ImageInterpoletionLearn.swift; sourceTree = "<group>"; };
		EB196FD32C5118BA00CF6116 /* ContextMenuLearning.swift */ = {isa = PBXFileReference; lastKnownFileType = sourcecode.swift; path = ContextMenuLearning.swift; sourceTree = "<group>"; };
		EB196FD52C512F1600CF6116 /* SwipeActionsForList.swift */ = {isa = PBXFileReference; lastKnownFileType = sourcecode.swift; path = SwipeActionsForList.swift; sourceTree = "<group>"; };
		EB196FD72C516B1000CF6116 /* ScheduleLocalNotification.swift */ = {isa = PBXFileReference; lastKnownFileType = sourcecode.swift; path = ScheduleLocalNotification.swift; sourceTree = "<group>"; };
		EB196FDC2C51716C00CF6116 /* AddSwiftPackage.swift */ = {isa = PBXFileReference; lastKnownFileType = sourcecode.swift; path = AddSwiftPackage.swift; sourceTree = "<group>"; };
		EB196FDE2C51752700CF6116 /* ProspectsView.swift */ = {isa = PBXFileReference; lastKnownFileType = sourcecode.swift; path = ProspectsView.swift; sourceTree = "<group>"; };
		EB196FE02C51753E00CF6116 /* MeView.swift */ = {isa = PBXFileReference; lastKnownFileType = sourcecode.swift; path = MeView.swift; sourceTree = "<group>"; };
		EB196FE22C517E2500CF6116 /* Prospect.swift */ = {isa = PBXFileReference; lastKnownFileType = sourcecode.swift; path = Prospect.swift; sourceTree = "<group>"; };
		EBD21D6D2C5275D600446914 /* EditView.swift */ = {isa = PBXFileReference; lastKnownFileType = sourcecode.swift; path = EditView.swift; sourceTree = "<group>"; };
/* End PBXFileReference section */

/* Begin PBXFrameworksBuildPhase section */
		EB0EEB682C500BD30026F60C /* Frameworks */ = {
			isa = PBXFrameworksBuildPhase;
			buildActionMask = 2147483647;
			files = (
				EB196FE62C518B2800CF6116 /* CodeScanner in Frameworks */,
				EB196FDB2C51715500CF6116 /* SamplePackage in Frameworks */,
			);
			runOnlyForDeploymentPostprocessing = 0;
		};
/* End PBXFrameworksBuildPhase section */

/* Begin PBXGroup section */
		EB0EEB622C500BD30026F60C = {
			isa = PBXGroup;
			children = (
				EB0EEB6D2C500BD30026F60C /* HotProspects */,
				EB0EEB6C2C500BD30026F60C /* Products */,
			);
			sourceTree = "<group>";
		};
		EB0EEB6C2C500BD30026F60C /* Products */ = {
			isa = PBXGroup;
			children = (
				EB0EEB6B2C500BD30026F60C /* HotProspects.app */,
			);
			name = Products;
			sourceTree = "<group>";
		};
		EB0EEB6D2C500BD30026F60C /* HotProspects */ = {
			isa = PBXGroup;
			children = (
				EB0EEB6E2C500BD30026F60C /* HotProspectsApp.swift */,
				EB0EEB702C500BD30026F60C /* ContentView.swift */,
				EB196FDE2C51752700CF6116 /* ProspectsView.swift */,
				EBD21D6D2C5275D600446914 /* EditView.swift */,
				EB196FE02C51753E00CF6116 /* MeView.swift */,
				EB196FE22C517E2500CF6116 /* Prospect.swift */,
				EB196FCB2C51024D00CF6116 /* SelectableItemsList.swift */,
				EB196FCD2C51027A00CF6116 /* TabViewLearn.swift */,
				EB196FCF2C510C6400CF6116 /* ResultTypeLearn.swift */,
				EB196FD12C51138A00CF6116 /* ImageInterpoletionLearn.swift */,
				EB196FD32C5118BA00CF6116 /* ContextMenuLearning.swift */,
				EB196FD52C512F1600CF6116 /* SwipeActionsForList.swift */,
				EB196FD72C516B1000CF6116 /* ScheduleLocalNotification.swift */,
				EB196FDC2C51716C00CF6116 /* AddSwiftPackage.swift */,
				EB0EEB722C500BD50026F60C /* Assets.xcassets */,
				EB0EEB742C500BD50026F60C /* Preview Content */,
			);
			path = HotProspects;
			sourceTree = "<group>";
		};
		EB0EEB742C500BD50026F60C /* Preview Content */ = {
			isa = PBXGroup;
			children = (
				EB0EEB752C500BD50026F60C /* Preview Assets.xcassets */,
			);
			path = "Preview Content";
			sourceTree = "<group>";
		};
/* End PBXGroup section */

/* Begin PBXNativeTarget section */
		EB0EEB6A2C500BD30026F60C /* HotProspects */ = {
			isa = PBXNativeTarget;
			buildConfigurationList = EB0EEB792C500BD50026F60C /* Build configuration list for PBXNativeTarget "HotProspects" */;
			buildPhases = (
				EB0EEB672C500BD30026F60C /* Sources */,
				EB0EEB682C500BD30026F60C /* Frameworks */,
				EB0EEB692C500BD30026F60C /* Resources */,
			);
			buildRules = (
			);
			dependencies = (
			);
			name = HotProspects;
			packageProductDependencies = (
				EB196FDA2C51715500CF6116 /* SamplePackage */,
				EB196FE52C518B2800CF6116 /* CodeScanner */,
			);
			productName = HotProspects;
			productReference = EB0EEB6B2C500BD30026F60C /* HotProspects.app */;
			productType = "com.apple.product-type.application";
		};
/* End PBXNativeTarget section */

/* Begin PBXProject section */
		EB0EEB632C500BD30026F60C /* Project object */ = {
			isa = PBXProject;
			attributes = {
				BuildIndependentTargetsInParallel = 1;
				LastSwiftUpdateCheck = 1540;
				LastUpgradeCheck = 1540;
				TargetAttributes = {
					EB0EEB6A2C500BD30026F60C = {
						CreatedOnToolsVersion = 15.4;
					};
				};
			};
			buildConfigurationList = EB0EEB662C500BD30026F60C /* Build configuration list for PBXProject "HotProspects" */;
			compatibilityVersion = "Xcode 14.0";
			developmentRegion = en;
			hasScannedForEncodings = 0;
			knownRegions = (
				en,
				Base,
			);
			mainGroup = EB0EEB622C500BD30026F60C;
			packageReferences = (
				EB196FD92C51715500CF6116 /* XCRemoteSwiftPackageReference "SamplePackage" */,
				EB196FE42C518B2800CF6116 /* XCRemoteSwiftPackageReference "CodeScanner" */,
			);
			productRefGroup = EB0EEB6C2C500BD30026F60C /* Products */;
			projectDirPath = "";
			projectRoot = "";
			targets = (
				EB0EEB6A2C500BD30026F60C /* HotProspects */,
			);
		};
/* End PBXProject section */

/* Begin PBXResourcesBuildPhase section */
		EB0EEB692C500BD30026F60C /* Resources */ = {
			isa = PBXResourcesBuildPhase;
			buildActionMask = 2147483647;
			files = (
				EB0EEB762C500BD50026F60C /* Preview Assets.xcassets in Resources */,
				EB0EEB732C500BD50026F60C /* Assets.xcassets in Resources */,
			);
			runOnlyForDeploymentPostprocessing = 0;
		};
/* End PBXResourcesBuildPhase section */

/* Begin PBXSourcesBuildPhase section */
		EB0EEB672C500BD30026F60C /* Sources */ = {
			isa = PBXSourcesBuildPhase;
			buildActionMask = 2147483647;
			files = (
				EB196FE12C51753E00CF6116 /* MeView.swift in Sources */,
				EB196FD62C512F1600CF6116 /* SwipeActionsForList.swift in Sources */,
				EB0EEB712C500BD30026F60C /* ContentView.swift in Sources */,
				EB196FE32C517E2500CF6116 /* Prospect.swift in Sources */,
				EBD21D6E2C5275D600446914 /* EditView.swift in Sources */,
				EB196FCE2C51027A00CF6116 /* TabViewLearn.swift in Sources */,
				EB196FCC2C51024D00CF6116 /* SelectableItemsList.swift in Sources */,
				EB196FDD2C51716C00CF6116 /* AddSwiftPackage.swift in Sources */,
				EB196FD22C51138A00CF6116 /* ImageInterpoletionLearn.swift in Sources */,
				EB0EEB6F2C500BD30026F60C /* HotProspectsApp.swift in Sources */,
				EB196FD42C5118BA00CF6116 /* ContextMenuLearning.swift in Sources */,
				EB196FD02C510C6400CF6116 /* ResultTypeLearn.swift in Sources */,
				EB196FDF2C51752700CF6116 /* ProspectsView.swift in Sources */,
				EB196FD82C516B1000CF6116 /* ScheduleLocalNotification.swift in Sources */,
			);
			runOnlyForDeploymentPostprocessing = 0;
		};
/* End PBXSourcesBuildPhase section */

/* Begin XCBuildConfiguration section */
		EB0EEB772C500BD50026F60C /* Debug */ = {
			isa = XCBuildConfiguration;
			buildSettings = {
				ALWAYS_SEARCH_USER_PATHS = NO;
				ASSETCATALOG_COMPILER_GENERATE_SWIFT_ASSET_SYMBOL_EXTENSIONS = YES;
				CLANG_ANALYZER_NONNULL = YES;
				CLANG_ANALYZER_NUMBER_OBJECT_CONVERSION = YES_AGGRESSIVE;
				CLANG_CXX_LANGUAGE_STANDARD = "gnu++20";
				CLANG_ENABLE_MODULES = YES;
				CLANG_ENABLE_OBJC_ARC = YES;
				CLANG_ENABLE_OBJC_WEAK = YES;
				CLANG_WARN_BLOCK_CAPTURE_AUTORELEASING = YES;
				CLANG_WARN_BOOL_CONVERSION = YES;
				CLANG_WARN_COMMA = YES;
				CLANG_WARN_CONSTANT_CONVERSION = YES;
				CLANG_WARN_DEPRECATED_OBJC_IMPLEMENTATIONS = YES;
				CLANG_WARN_DIRECT_OBJC_ISA_USAGE = YES_ERROR;
				CLANG_WARN_DOCUMENTATION_COMMENTS = YES;
				CLANG_WARN_EMPTY_BODY = YES;
				CLANG_WARN_ENUM_CONVERSION = YES;
				CLANG_WARN_INFINITE_RECURSION = YES;
				CLANG_WARN_INT_CONVERSION = YES;
				CLANG_WARN_NON_LITERAL_NULL_CONVERSION = YES;
				CLANG_WARN_OBJC_IMPLICIT_RETAIN_SELF = YES;
				CLANG_WARN_OBJC_LITERAL_CONVERSION = YES;
				CLANG_WARN_OBJC_ROOT_CLASS = YES_ERROR;
				CLANG_WARN_QUOTED_INCLUDE_IN_FRAMEWORK_HEADER = YES;
				CLANG_WARN_RANGE_LOOP_ANALYSIS = YES;
				CLANG_WARN_STRICT_PROTOTYPES = YES;
				CLANG_WARN_SUSPICIOUS_MOVE = YES;
				CLANG_WARN_UNGUARDED_AVAILABILITY = YES_AGGRESSIVE;
				CLANG_WARN_UNREACHABLE_CODE = YES;
				CLANG_WARN__DUPLICATE_METHOD_MATCH = YES;
				COPY_PHASE_STRIP = NO;
				DEBUG_INFORMATION_FORMAT = dwarf;
				ENABLE_STRICT_OBJC_MSGSEND = YES;
				ENABLE_TESTABILITY = YES;
				ENABLE_USER_SCRIPT_SANDBOXING = YES;
				GCC_C_LANGUAGE_STANDARD = gnu17;
				GCC_DYNAMIC_NO_PIC = NO;
				GCC_NO_COMMON_BLOCKS = YES;
				GCC_OPTIMIZATION_LEVEL = 0;
				GCC_PREPROCESSOR_DEFINITIONS = (
					"DEBUG=1",
					"$(inherited)",
				);
				GCC_WARN_64_TO_32_BIT_CONVERSION = YES;
				GCC_WARN_ABOUT_RETURN_TYPE = YES_ERROR;
				GCC_WARN_UNDECLARED_SELECTOR = YES;
				GCC_WARN_UNINITIALIZED_AUTOS = YES_AGGRESSIVE;
				GCC_WARN_UNUSED_FUNCTION = YES;
				GCC_WARN_UNUSED_VARIABLE = YES;
				IPHONEOS_DEPLOYMENT_TARGET = 17.5;
				LOCALIZATION_PREFERS_STRING_CATALOGS = YES;
				MTL_ENABLE_DEBUG_INFO = INCLUDE_SOURCE;
				MTL_FAST_MATH = YES;
				ONLY_ACTIVE_ARCH = YES;
				SDKROOT = iphoneos;
				SWIFT_ACTIVE_COMPILATION_CONDITIONS = "DEBUG $(inherited)";
				SWIFT_OPTIMIZATION_LEVEL = "-Onone";
			};
			name = Debug;
		};
		EB0EEB782C500BD50026F60C /* Release */ = {
			isa = XCBuildConfiguration;
			buildSettings = {
				ALWAYS_SEARCH_USER_PATHS = NO;
				ASSETCATALOG_COMPILER_GENERATE_SWIFT_ASSET_SYMBOL_EXTENSIONS = YES;
				CLANG_ANALYZER_NONNULL = YES;
				CLANG_ANALYZER_NUMBER_OBJECT_CONVERSION = YES_AGGRESSIVE;
				CLANG_CXX_LANGUAGE_STANDARD = "gnu++20";
				CLANG_ENABLE_MODULES = YES;
				CLANG_ENABLE_OBJC_ARC = YES;
				CLANG_ENABLE_OBJC_WEAK = YES;
				CLANG_WARN_BLOCK_CAPTURE_AUTORELEASING = YES;
				CLANG_WARN_BOOL_CONVERSION = YES;
				CLANG_WARN_COMMA = YES;
				CLANG_WARN_CONSTANT_CONVERSION = YES;
				CLANG_WARN_DEPRECATED_OBJC_IMPLEMENTATIONS = YES;
				CLANG_WARN_DIRECT_OBJC_ISA_USAGE = YES_ERROR;
				CLANG_WARN_DOCUMENTATION_COMMENTS = YES;
				CLANG_WARN_EMPTY_BODY = YES;
				CLANG_WARN_ENUM_CONVERSION = YES;
				CLANG_WARN_INFINITE_RECURSION = YES;
				CLANG_WARN_INT_CONVERSION = YES;
				CLANG_WARN_NON_LITERAL_NULL_CONVERSION = YES;
				CLANG_WARN_OBJC_IMPLICIT_RETAIN_SELF = YES;
				CLANG_WARN_OBJC_LITERAL_CONVERSION = YES;
				CLANG_WARN_OBJC_ROOT_CLASS = YES_ERROR;
				CLANG_WARN_QUOTED_INCLUDE_IN_FRAMEWORK_HEADER = YES;
				CLANG_WARN_RANGE_LOOP_ANALYSIS = YES;
				CLANG_WARN_STRICT_PROTOTYPES = YES;
				CLANG_WARN_SUSPICIOUS_MOVE = YES;
				CLANG_WARN_UNGUARDED_AVAILABILITY = YES_AGGRESSIVE;
				CLANG_WARN_UNREACHABLE_CODE = YES;
				CLANG_WARN__DUPLICATE_METHOD_MATCH = YES;
				COPY_PHASE_STRIP = NO;
				DEBUG_INFORMATION_FORMAT = "dwarf-with-dsym";
				ENABLE_NS_ASSERTIONS = NO;
				ENABLE_STRICT_OBJC_MSGSEND = YES;
				ENABLE_USER_SCRIPT_SANDBOXING = YES;
				GCC_C_LANGUAGE_STANDARD = gnu17;
				GCC_NO_COMMON_BLOCKS = YES;
				GCC_WARN_64_TO_32_BIT_CONVERSION = YES;
				GCC_WARN_ABOUT_RETURN_TYPE = YES_ERROR;
				GCC_WARN_UNDECLARED_SELECTOR = YES;
				GCC_WARN_UNINITIALIZED_AUTOS = YES_AGGRESSIVE;
				GCC_WARN_UNUSED_FUNCTION = YES;
				GCC_WARN_UNUSED_VARIABLE = YES;
				IPHONEOS_DEPLOYMENT_TARGET = 17.5;
				LOCALIZATION_PREFERS_STRING_CATALOGS = YES;
				MTL_ENABLE_DEBUG_INFO = NO;
				MTL_FAST_MATH = YES;
				SDKROOT = iphoneos;
				SWIFT_COMPILATION_MODE = wholemodule;
				VALIDATE_PRODUCT = YES;
			};
			name = Release;
		};
		EB0EEB7A2C500BD50026F60C /* Debug */ = {
			isa = XCBuildConfiguration;
			buildSettings = {
				ASSETCATALOG_COMPILER_APPICON_NAME = AppIcon;
				ASSETCATALOG_COMPILER_GLOBAL_ACCENT_COLOR_NAME = AccentColor;
				CODE_SIGN_STYLE = Automatic;
				CURRENT_PROJECT_VERSION = 1;
				DEVELOPMENT_ASSET_PATHS = "\"HotProspects/Preview Content\"";
				DEVELOPMENT_TEAM = SURBTN8MP7;
				ENABLE_PREVIEWS = YES;
				GENERATE_INFOPLIST_FILE = YES;
				INFOPLIST_KEY_NSCameraUsageDescription = "We need to scan QR codes.";
				INFOPLIST_KEY_UIApplicationSceneManifest_Generation = YES;
				INFOPLIST_KEY_UIApplicationSupportsIndirectInputEvents = YES;
				INFOPLIST_KEY_UILaunchScreen_Generation = YES;
				INFOPLIST_KEY_UISupportedInterfaceOrientations_iPad = "UIInterfaceOrientationPortrait UIInterfaceOrientationPortraitUpsideDown UIInterfaceOrientationLandscapeLeft UIInterfaceOrientationLandscapeRight";
				INFOPLIST_KEY_UISupportedInterfaceOrientations_iPhone = "UIInterfaceOrientationPortrait UIInterfaceOrientationLandscapeLeft UIInterfaceOrientationLandscapeRight";
				LD_RUNPATH_SEARCH_PATHS = (
					"$(inherited)",
					"@executable_path/Frameworks",
				);
				MARKETING_VERSION = 1.0;
				PRODUCT_BUNDLE_IDENTIFIER = com.okanorkun.HotProspects;
				PRODUCT_NAME = "$(TARGET_NAME)";
				SWIFT_EMIT_LOC_STRINGS = YES;
				SWIFT_VERSION = 5.0;
				TARGETED_DEVICE_FAMILY = "1,2";
			};
			name = Debug;
		};
		EB0EEB7B2C500BD50026F60C /* Release */ = {
			isa = XCBuildConfiguration;
			buildSettings = {
				ASSETCATALOG_COMPILER_APPICON_NAME = AppIcon;
				ASSETCATALOG_COMPILER_GLOBAL_ACCENT_COLOR_NAME = AccentColor;
				CODE_SIGN_STYLE = Automatic;
				CURRENT_PROJECT_VERSION = 1;
				DEVELOPMENT_ASSET_PATHS = "\"HotProspects/Preview Content\"";
				DEVELOPMENT_TEAM = SURBTN8MP7;
				ENABLE_PREVIEWS = YES;
				GENERATE_INFOPLIST_FILE = YES;
				INFOPLIST_KEY_NSCameraUsageDescription = "We need to scan QR codes.";
				INFOPLIST_KEY_UIApplicationSceneManifest_Generation = YES;
				INFOPLIST_KEY_UIApplicationSupportsIndirectInputEvents = YES;
				INFOPLIST_KEY_UILaunchScreen_Generation = YES;
				INFOPLIST_KEY_UISupportedInterfaceOrientations_iPad = "UIInterfaceOrientationPortrait UIInterfaceOrientationPortraitUpsideDown UIInterfaceOrientationLandscapeLeft UIInterfaceOrientationLandscapeRight";
				INFOPLIST_KEY_UISupportedInterfaceOrientations_iPhone = "UIInterfaceOrientationPortrait UIInterfaceOrientationLandscapeLeft UIInterfaceOrientationLandscapeRight";
				LD_RUNPATH_SEARCH_PATHS = (
					"$(inherited)",
					"@executable_path/Frameworks",
				);
				MARKETING_VERSION = 1.0;
				PRODUCT_BUNDLE_IDENTIFIER = com.okanorkun.HotProspects;
				PRODUCT_NAME = "$(TARGET_NAME)";
				SWIFT_EMIT_LOC_STRINGS = YES;
				SWIFT_VERSION = 5.0;
				TARGETED_DEVICE_FAMILY = "1,2";
			};
			name = Release;
		};
/* End XCBuildConfiguration section */

/* Begin XCConfigurationList section */
		EB0EEB662C500BD30026F60C /* Build configuration list for PBXProject "HotProspects" */ = {
			isa = XCConfigurationList;
			buildConfigurations = (
				EB0EEB772C500BD50026F60C /* Debug */,
				EB0EEB782C500BD50026F60C /* Release */,
			);
			defaultConfigurationIsVisible = 0;
			defaultConfigurationName = Release;
		};
		EB0EEB792C500BD50026F60C /* Build configuration list for PBXNativeTarget "HotProspects" */ = {
			isa = XCConfigurationList;
			buildConfigurations = (
				EB0EEB7A2C500BD50026F60C /* Debug */,
				EB0EEB7B2C500BD50026F60C /* Release */,
			);
			defaultConfigurationIsVisible = 0;
			defaultConfigurationName = Release;
		};
/* End XCConfigurationList section */

/* Begin XCRemoteSwiftPackageReference section */
		EB196FD92C51715500CF6116 /* XCRemoteSwiftPackageReference "SamplePackage" */ = {
			isa = XCRemoteSwiftPackageReference;
			repositoryURL = "https://github.com/twostraws/SamplePackage";
			requirement = {
				kind = upToNextMajorVersion;
				minimumVersion = 1.0.0;
			};
		};
		EB196FE42C518B2800CF6116 /* XCRemoteSwiftPackageReference "CodeScanner" */ = {
			isa = XCRemoteSwiftPackageReference;
			repositoryURL = "https://github.com/twostraws/CodeScanner";
			requirement = {
				kind = upToNextMajorVersion;
				minimumVersion = 2.5.0;
			};
		};
/* End XCRemoteSwiftPackageReference section */

/* Begin XCSwiftPackageProductDependency section */
		EB196FDA2C51715500CF6116 /* SamplePackage */ = {
			isa = XCSwiftPackageProductDependency;
			package = EB196FD92C51715500CF6116 /* XCRemoteSwiftPackageReference "SamplePackage" */;
			productName = SamplePackage;
		};
		EB196FE52C518B2800CF6116 /* CodeScanner */ = {
			isa = XCSwiftPackageProductDependency;
			package = EB196FE42C518B2800CF6116 /* XCRemoteSwiftPackageReference "CodeScanner" */;
			productName = CodeScanner;
		};
/* End XCSwiftPackageProductDependency section */
	};
	rootObject = EB0EEB632C500BD30026F60C /* Project object */;
}
