// !$*UTF8*$!
{
	archiveVersion = 1;
	classes = {
	};
	objectVersion = 56;
	objects = {

/* Begin PBXBuildFile section */
		EB7DA2642C49016A006E0B57 /* CupcakeCornerApp.swift in Sources */ = {isa = PBXBuildFile; fileRef = EB7DA2632C49016A006E0B57 /* CupcakeCornerApp.swift */; };
		EB7DA2662C49016A006E0B57 /* ContentView.swift in Sources */ = {isa = PBXBuildFile; fileRef = EB7DA2652C49016A006E0B57 /* ContentView.swift */; };
		EB7DA2682C49016B006E0B57 /* Assets.xcassets in Resources */ = {isa = PBXBuildFile; fileRef = EB7DA2672C49016B006E0B57 /* Assets.xcassets */; };
		EB7DA26B2C49016B006E0B57 /* Preview Assets.xcassets in Resources */ = {isa = PBXBuildFile; fileRef = EB7DA26A2C49016B006E0B57 /* Preview Assets.xcassets */; };
		EB7DA2742C490375006E0B57 /* URLSessionLearn.swift in Sources */ = {isa = PBXBuildFile; fileRef = EB7DA2732C490375006E0B57 /* URLSessionLearn.swift */; };
		EB7DA2762C4908F9006E0B57 /* AsyncImageLearn.swift in Sources */ = {isa = PBXBuildFile; fileRef = EB7DA2752C4908F9006E0B57 /* AsyncImageLearn.swift */; };
		EB7DA2782C490B72006E0B57 /* FormsLearning.swift in Sources */ = {isa = PBXBuildFile; fileRef = EB7DA2772C490B72006E0B57 /* FormsLearning.swift */; };
		EB7DA27A2C49121C006E0B57 /* CodableObservableClassLearn.swift in Sources */ = {isa = PBXBuildFile; fileRef = EB7DA2792C49121C006E0B57 /* CodableObservableClassLearn.swift */; };
		EB7DA27C2C491381006E0B57 /* HapticEffectsLearning.swift in Sources */ = {isa = PBXBuildFile; fileRef = EB7DA27B2C491381006E0B57 /* HapticEffectsLearning.swift */; };
		EB7DA27E2C49173B006E0B57 /* Order.swift in Sources */ = {isa = PBXBuildFile; fileRef = EB7DA27D2C49173B006E0B57 /* Order.swift */; };
		EB7DA2802C491BAC006E0B57 /* AddressView.swift in Sources */ = {isa = PBXBuildFile; fileRef = EB7DA27F2C491BAC006E0B57 /* AddressView.swift */; };
/* End PBXBuildFile section */

/* Begin PBXFileReference section */
		EB7DA2602C49016A006E0B57 /* CupcakeCorner.app */ = {isa = PBXFileReference; explicitFileType = wrapper.application; includeInIndex = 0; path = CupcakeCorner.app; sourceTree = BUILT_PRODUCTS_DIR; };
		EB7DA2632C49016A006E0B57 /* CupcakeCornerApp.swift */ = {isa = PBXFileReference; lastKnownFileType = sourcecode.swift; path = CupcakeCornerApp.swift; sourceTree = "<group>"; };
		EB7DA2652C49016A006E0B57 /* ContentView.swift */ = {isa = PBXFileReference; lastKnownFileType = sourcecode.swift; path = ContentView.swift; sourceTree = "<group>"; };
		EB7DA2672C49016B006E0B57 /* Assets.xcassets */ = {isa = PBXFileReference; lastKnownFileType = folder.assetcatalog; path = Assets.xcassets; sourceTree = "<group>"; };
		EB7DA26A2C49016B006E0B57 /* Preview Assets.xcassets */ = {isa = PBXFileReference; lastKnownFileType = folder.assetcatalog; path = "Preview Assets.xcassets"; sourceTree = "<group>"; };
		EB7DA2732C490375006E0B57 /* URLSessionLearn.swift */ = {isa = PBXFileReference; lastKnownFileType = sourcecode.swift; path = URLSessionLearn.swift; sourceTree = "<group>"; };
		EB7DA2752C4908F9006E0B57 /* AsyncImageLearn.swift */ = {isa = PBXFileReference; lastKnownFileType = sourcecode.swift; path = AsyncImageLearn.swift; sourceTree = "<group>"; };
		EB7DA2772C490B72006E0B57 /* FormsLearning.swift */ = {isa = PBXFileReference; lastKnownFileType = sourcecode.swift; path = FormsLearning.swift; sourceTree = "<group>"; };
		EB7DA2792C49121C006E0B57 /* CodableObservableClassLearn.swift */ = {isa = PBXFileReference; lastKnownFileType = sourcecode.swift; path = CodableObservableClassLearn.swift; sourceTree = "<group>"; };
		EB7DA27B2C491381006E0B57 /* HapticEffectsLearning.swift */ = {isa = PBXFileReference; lastKnownFileType = sourcecode.swift; path = HapticEffectsLearning.swift; sourceTree = "<group>"; };
		EB7DA27D2C49173B006E0B57 /* Order.swift */ = {isa = PBXFileReference; lastKnownFileType = sourcecode.swift; path = Order.swift; sourceTree = "<group>"; };
		EB7DA27F2C491BAC006E0B57 /* AddressView.swift */ = {isa = PBXFileReference; lastKnownFileType = sourcecode.swift; path = AddressView.swift; sourceTree = "<group>"; };
/* End PBXFileReference section */

/* Begin PBXFrameworksBuildPhase section */
		EB7DA25D2C49016A006E0B57 /* Frameworks */ = {
			isa = PBXFrameworksBuildPhase;
			buildActionMask = 2147483647;
			files = (
			);
			runOnlyForDeploymentPostprocessing = 0;
		};
/* End PBXFrameworksBuildPhase section */

/* Begin PBXGroup section */
		EB7DA2572C49016A006E0B57 = {
			isa = PBXGroup;
			children = (
				EB7DA2622C49016A006E0B57 /* CupcakeCorner */,
				EB7DA2612C49016A006E0B57 /* Products */,
			);
			sourceTree = "<group>";
		};
		EB7DA2612C49016A006E0B57 /* Products */ = {
			isa = PBXGroup;
			children = (
				EB7DA2602C49016A006E0B57 /* CupcakeCorner.app */,
			);
			name = Products;
			sourceTree = "<group>";
		};
		EB7DA2622C49016A006E0B57 /* CupcakeCorner */ = {
			isa = PBXGroup;
			children = (
				EB7DA2632C49016A006E0B57 /* CupcakeCornerApp.swift */,
				EB7DA2652C49016A006E0B57 /* ContentView.swift */,
				EB7DA27F2C491BAC006E0B57 /* AddressView.swift */,
				EB7DA27D2C49173B006E0B57 /* Order.swift */,
				EB7DA2732C490375006E0B57 /* URLSessionLearn.swift */,
				EB7DA2752C4908F9006E0B57 /* AsyncImageLearn.swift */,
				EB7DA2772C490B72006E0B57 /* FormsLearning.swift */,
				EB7DA2792C49121C006E0B57 /* CodableObservableClassLearn.swift */,
				EB7DA27B2C491381006E0B57 /* HapticEffectsLearning.swift */,
				EB7DA2672C49016B006E0B57 /* Assets.xcassets */,
				EB7DA2692C49016B006E0B57 /* Preview Content */,
			);
			path = CupcakeCorner;
			sourceTree = "<group>";
		};
		EB7DA2692C49016B006E0B57 /* Preview Content */ = {
			isa = PBXGroup;
			children = (
				EB7DA26A2C49016B006E0B57 /* Preview Assets.xcassets */,
			);
			path = "Preview Content";
			sourceTree = "<group>";
		};
/* End PBXGroup section */

/* Begin PBXNativeTarget section */
		EB7DA25F2C49016A006E0B57 /* CupcakeCorner */ = {
			isa = PBXNativeTarget;
			buildConfigurationList = EB7DA26E2C49016B006E0B57 /* Build configuration list for PBXNativeTarget "CupcakeCorner" */;
			buildPhases = (
				EB7DA25C2C49016A006E0B57 /* Sources */,
				EB7DA25D2C49016A006E0B57 /* Frameworks */,
				EB7DA25E2C49016A006E0B57 /* Resources */,
			);
			buildRules = (
			);
			dependencies = (
			);
			name = CupcakeCorner;
			productName = CupcakeCorner;
			productReference = EB7DA2602C49016A006E0B57 /* CupcakeCorner.app */;
			productType = "com.apple.product-type.application";
		};
/* End PBXNativeTarget section */

/* Begin PBXProject section */
		EB7DA2582C49016A006E0B57 /* Project object */ = {
			isa = PBXProject;
			attributes = {
				BuildIndependentTargetsInParallel = 1;
				LastSwiftUpdateCheck = 1540;
				LastUpgradeCheck = 1540;
				TargetAttributes = {
					EB7DA25F2C49016A006E0B57 = {
						CreatedOnToolsVersion = 15.4;
					};
				};
			};
			buildConfigurationList = EB7DA25B2C49016A006E0B57 /* Build configuration list for PBXProject "CupcakeCorner" */;
			compatibilityVersion = "Xcode 14.0";
			developmentRegion = en;
			hasScannedForEncodings = 0;
			knownRegions = (
				en,
				Base,
			);
			mainGroup = EB7DA2572C49016A006E0B57;
			productRefGroup = EB7DA2612C49016A006E0B57 /* Products */;
			projectDirPath = "";
			projectRoot = "";
			targets = (
				EB7DA25F2C49016A006E0B57 /* CupcakeCorner */,
			);
		};
/* End PBXProject section */

/* Begin PBXResourcesBuildPhase section */
		EB7DA25E2C49016A006E0B57 /* Resources */ = {
			isa = PBXResourcesBuildPhase;
			buildActionMask = 2147483647;
			files = (
				EB7DA26B2C49016B006E0B57 /* Preview Assets.xcassets in Resources */,
				EB7DA2682C49016B006E0B57 /* Assets.xcassets in Resources */,
			);
			runOnlyForDeploymentPostprocessing = 0;
		};
/* End PBXResourcesBuildPhase section */

/* Begin PBXSourcesBuildPhase section */
		EB7DA25C2C49016A006E0B57 /* Sources */ = {
			isa = PBXSourcesBuildPhase;
			buildActionMask = 2147483647;
			files = (
				EB7DA2762C4908F9006E0B57 /* AsyncImageLearn.swift in Sources */,
				EB7DA2662C49016A006E0B57 /* ContentView.swift in Sources */,
				EB7DA27E2C49173B006E0B57 /* Order.swift in Sources */,
				EB7DA2742C490375006E0B57 /* URLSessionLearn.swift in Sources */,
				EB7DA27C2C491381006E0B57 /* HapticEffectsLearning.swift in Sources */,
				EB7DA2802C491BAC006E0B57 /* AddressView.swift in Sources */,
				EB7DA2642C49016A006E0B57 /* CupcakeCornerApp.swift in Sources */,
				EB7DA2782C490B72006E0B57 /* FormsLearning.swift in Sources */,
				EB7DA27A2C49121C006E0B57 /* CodableObservableClassLearn.swift in Sources */,
			);
			runOnlyForDeploymentPostprocessing = 0;
		};
/* End PBXSourcesBuildPhase section */

/* Begin XCBuildConfiguration section */
		EB7DA26C2C49016B006E0B57 /* Debug */ = {
			isa = XCBuildConfiguration;
			buildSettings = {
				ALWAYS_SEARCH_USER_PATHS = NO;
				ASSETCATALOG_COMPILER_GENERATE_SWIFT_ASSET_SYMBOL_EXTENSIONS = YES;
				CLANG_ANALYZER_NONNULL = YES;
				CLANG_ANALYZER_NUMBER_OBJECT_CONVERSION = YES_AGGRESSIVE;
				CLANG_CXX_LANGUAGE_STANDARD = "gnu++20";
				CLANG_ENABLE_MODULES = YES;
				CLANG_ENABLE_OBJC_ARC = YES;
				CLANG_ENABLE_OBJC_WEAK = YES;
				CLANG_WARN_BLOCK_CAPTURE_AUTORELEASING = YES;
				CLANG_WARN_BOOL_CONVERSION = YES;
				CLANG_WARN_COMMA = YES;
				CLANG_WARN_CONSTANT_CONVERSION = YES;
				CLANG_WARN_DEPRECATED_OBJC_IMPLEMENTATIONS = YES;
				CLANG_WARN_DIRECT_OBJC_ISA_USAGE = YES_ERROR;
				CLANG_WARN_DOCUMENTATION_COMMENTS = YES;
				CLANG_WARN_EMPTY_BODY = YES;
				CLANG_WARN_ENUM_CONVERSION = YES;
				CLANG_WARN_INFINITE_RECURSION = YES;
				CLANG_WARN_INT_CONVERSION = YES;
				CLANG_WARN_NON_LITERAL_NULL_CONVERSION = YES;
				CLANG_WARN_OBJC_IMPLICIT_RETAIN_SELF = YES;
				CLANG_WARN_OBJC_LITERAL_CONVERSION = YES;
				CLANG_WARN_OBJC_ROOT_CLASS = YES_ERROR;
				CLANG_WARN_QUOTED_INCLUDE_IN_FRAMEWORK_HEADER = YES;
				CLANG_WARN_RANGE_LOOP_ANALYSIS = YES;
				CLANG_WARN_STRICT_PROTOTYPES = YES;
				CLANG_WARN_SUSPICIOUS_MOVE = YES;
				CLANG_WARN_UNGUARDED_AVAILABILITY = YES_AGGRESSIVE;
				CLANG_WARN_UNREACHABLE_CODE = YES;
				CLANG_WARN__DUPLICATE_METHOD_MATCH = YES;
				COPY_PHASE_STRIP = NO;
				DEBUG_INFORMATION_FORMAT = dwarf;
				ENABLE_STRICT_OBJC_MSGSEND = YES;
				ENABLE_TESTABILITY = YES;
				ENABLE_USER_SCRIPT_SANDBOXING = YES;
				GCC_C_LANGUAGE_STANDARD = gnu17;
				GCC_DYNAMIC_NO_PIC = NO;
				GCC_NO_COMMON_BLOCKS = YES;
				GCC_OPTIMIZATION_LEVEL = 0;
				GCC_PREPROCESSOR_DEFINITIONS = (
					"DEBUG=1",
					"$(inherited)",
				);
				GCC_WARN_64_TO_32_BIT_CONVERSION = YES;
				GCC_WARN_ABOUT_RETURN_TYPE = YES_ERROR;
				GCC_WARN_UNDECLARED_SELECTOR = YES;
				GCC_WARN_UNINITIALIZED_AUTOS = YES_AGGRESSIVE;
				GCC_WARN_UNUSED_FUNCTION = YES;
				GCC_WARN_UNUSED_VARIABLE = YES;
				IPHONEOS_DEPLOYMENT_TARGET = 17.5;
				LOCALIZATION_PREFERS_STRING_CATALOGS = YES;
				MTL_ENABLE_DEBUG_INFO = INCLUDE_SOURCE;
				MTL_FAST_MATH = YES;
				ONLY_ACTIVE_ARCH = YES;
				SDKROOT = iphoneos;
				SWIFT_ACTIVE_COMPILATION_CONDITIONS = "DEBUG $(inherited)";
				SWIFT_OPTIMIZATION_LEVEL = "-Onone";
			};
			name = Debug;
		};
		EB7DA26D2C49016B006E0B57 /* Release */ = {
			isa = XCBuildConfiguration;
			buildSettings = {
				ALWAYS_SEARCH_USER_PATHS = NO;
				ASSETCATALOG_COMPILER_GENERATE_SWIFT_ASSET_SYMBOL_EXTENSIONS = YES;
				CLANG_ANALYZER_NONNULL = YES;
				CLANG_ANALYZER_NUMBER_OBJECT_CONVERSION = YES_AGGRESSIVE;
				CLANG_CXX_LANGUAGE_STANDARD = "gnu++20";
				CLANG_ENABLE_MODULES = YES;
				CLANG_ENABLE_OBJC_ARC = YES;
				CLANG_ENABLE_OBJC_WEAK = YES;
				CLANG_WARN_BLOCK_CAPTURE_AUTORELEASING = YES;
				CLANG_WARN_BOOL_CONVERSION = YES;
				CLANG_WARN_COMMA = YES;
				CLANG_WARN_CONSTANT_CONVERSION = YES;
				CLANG_WARN_DEPRECATED_OBJC_IMPLEMENTATIONS = YES;
				CLANG_WARN_DIRECT_OBJC_ISA_USAGE = YES_ERROR;
				CLANG_WARN_DOCUMENTATION_COMMENTS = YES;
				CLANG_WARN_EMPTY_BODY = YES;
				CLANG_WARN_ENUM_CONVERSION = YES;
				CLANG_WARN_INFINITE_RECURSION = YES;
				CLANG_WARN_INT_CONVERSION = YES;
				CLANG_WARN_NON_LITERAL_NULL_CONVERSION = YES;
				CLANG_WARN_OBJC_IMPLICIT_RETAIN_SELF = YES;
				CLANG_WARN_OBJC_LITERAL_CONVERSION = YES;
				CLANG_WARN_OBJC_ROOT_CLASS = YES_ERROR;
				CLANG_WARN_QUOTED_INCLUDE_IN_FRAMEWORK_HEADER = YES;
				CLANG_WARN_RANGE_LOOP_ANALYSIS = YES;
				CLANG_WARN_STRICT_PROTOTYPES = YES;
				CLANG_WARN_SUSPICIOUS_MOVE = YES;
				CLANG_WARN_UNGUARDED_AVAILABILITY = YES_AGGRESSIVE;
				CLANG_WARN_UNREACHABLE_CODE = YES;
				CLANG_WARN__DUPLICATE_METHOD_MATCH = YES;
				COPY_PHASE_STRIP = NO;
				DEBUG_INFORMATION_FORMAT = "dwarf-with-dsym";
				ENABLE_NS_ASSERTIONS = NO;
				ENABLE_STRICT_OBJC_MSGSEND = YES;
				ENABLE_USER_SCRIPT_SANDBOXING = YES;
				GCC_C_LANGUAGE_STANDARD = gnu17;
				GCC_NO_COMMON_BLOCKS = YES;
				GCC_WARN_64_TO_32_BIT_CONVERSION = YES;
				GCC_WARN_ABOUT_RETURN_TYPE = YES_ERROR;
				GCC_WARN_UNDECLARED_SELECTOR = YES;
				GCC_WARN_UNINITIALIZED_AUTOS = YES_AGGRESSIVE;
				GCC_WARN_UNUSED_FUNCTION = YES;
				GCC_WARN_UNUSED_VARIABLE = YES;
				IPHONEOS_DEPLOYMENT_TARGET = 17.5;
				LOCALIZATION_PREFERS_STRING_CATALOGS = YES;
				MTL_ENABLE_DEBUG_INFO = NO;
				MTL_FAST_MATH = YES;
				SDKROOT = iphoneos;
				SWIFT_COMPILATION_MODE = wholemodule;
				VALIDATE_PRODUCT = YES;
			};
			name = Release;
		};
		EB7DA26F2C49016B006E0B57 /* Debug */ = {
			isa = XCBuildConfiguration;
			buildSettings = {
				ASSETCATALOG_COMPILER_APPICON_NAME = AppIcon;
				ASSETCATALOG_COMPILER_GLOBAL_ACCENT_COLOR_NAME = AccentColor;
				CODE_SIGN_STYLE = Automatic;
				CURRENT_PROJECT_VERSION = 1;
				DEVELOPMENT_ASSET_PATHS = "\"CupcakeCorner/Preview Content\"";
				DEVELOPMENT_TEAM = SURBTN8MP7;
				ENABLE_PREVIEWS = YES;
				GENERATE_INFOPLIST_FILE = YES;
				INFOPLIST_KEY_UIApplicationSceneManifest_Generation = YES;
				INFOPLIST_KEY_UIApplicationSupportsIndirectInputEvents = YES;
				INFOPLIST_KEY_UILaunchScreen_Generation = YES;
				INFOPLIST_KEY_UISupportedInterfaceOrientations_iPad = "UIInterfaceOrientationPortrait UIInterfaceOrientationPortraitUpsideDown UIInterfaceOrientationLandscapeLeft UIInterfaceOrientationLandscapeRight";
				INFOPLIST_KEY_UISupportedInterfaceOrientations_iPhone = "UIInterfaceOrientationPortrait UIInterfaceOrientationLandscapeLeft UIInterfaceOrientationLandscapeRight";
				LD_RUNPATH_SEARCH_PATHS = (
					"$(inherited)",
					"@executable_path/Frameworks",
				);
				MARKETING_VERSION = 1.0;
				PRODUCT_BUNDLE_IDENTIFIER = com.okanorkun.CupcakeCorner;
				PRODUCT_NAME = "$(TARGET_NAME)";
				SWIFT_EMIT_LOC_STRINGS = YES;
				SWIFT_VERSION = 5.0;
				TARGETED_DEVICE_FAMILY = "1,2";
			};
			name = Debug;
		};
		EB7DA2702C49016B006E0B57 /* Release */ = {
			isa = XCBuildConfiguration;
			buildSettings = {
				ASSETCATALOG_COMPILER_APPICON_NAME = AppIcon;
				ASSETCATALOG_COMPILER_GLOBAL_ACCENT_COLOR_NAME = AccentColor;
				CODE_SIGN_STYLE = Automatic;
				CURRENT_PROJECT_VERSION = 1;
				DEVELOPMENT_ASSET_PATHS = "\"CupcakeCorner/Preview Content\"";
				DEVELOPMENT_TEAM = SURBTN8MP7;
				ENABLE_PREVIEWS = YES;
				GENERATE_INFOPLIST_FILE = YES;
				INFOPLIST_KEY_UIApplicationSceneManifest_Generation = YES;
				INFOPLIST_KEY_UIApplicationSupportsIndirectInputEvents = YES;
				INFOPLIST_KEY_UILaunchScreen_Generation = YES;
				INFOPLIST_KEY_UISupportedInterfaceOrientations_iPad = "UIInterfaceOrientationPortrait UIInterfaceOrientationPortraitUpsideDown UIInterfaceOrientationLandscapeLeft UIInterfaceOrientationLandscapeRight";
				INFOPLIST_KEY_UISupportedInterfaceOrientations_iPhone = "UIInterfaceOrientationPortrait UIInterfaceOrientationLandscapeLeft UIInterfaceOrientationLandscapeRight";
				LD_RUNPATH_SEARCH_PATHS = (
					"$(inherited)",
					"@executable_path/Frameworks",
				);
				MARKETING_VERSION = 1.0;
				PRODUCT_BUNDLE_IDENTIFIER = com.okanorkun.CupcakeCorner;
				PRODUCT_NAME = "$(TARGET_NAME)";
				SWIFT_EMIT_LOC_STRINGS = YES;
				SWIFT_VERSION = 5.0;
				TARGETED_DEVICE_FAMILY = "1,2";
			};
			name = Release;
		};
/* End XCBuildConfiguration section */

/* Begin XCConfigurationList section */
		EB7DA25B2C49016A006E0B57 /* Build configuration list for PBXProject "CupcakeCorner" */ = {
			isa = XCConfigurationList;
			buildConfigurations = (
				EB7DA26C2C49016B006E0B57 /* Debug */,
				EB7DA26D2C49016B006E0B57 /* Release */,
			);
			defaultConfigurationIsVisible = 0;
			defaultConfigurationName = Release;
		};
		EB7DA26E2C49016B006E0B57 /* Build configuration list for PBXNativeTarget "CupcakeCorner" */ = {
			isa = XCConfigurationList;
			buildConfigurations = (
				EB7DA26F2C49016B006E0B57 /* Debug */,
				EB7DA2702C49016B006E0B57 /* Release */,
			);
			defaultConfigurationIsVisible = 0;
			defaultConfigurationName = Release;
		};
/* End XCConfigurationList section */
	};
	rootObject = EB7DA2582C49016A006E0B57 /* Project object */;
}
